// !$*UTF8*$!
{
	archiveVersion = 1;
	classes = {
	};
	objectVersion = 55;
	objects = {

/* Begin PBXBuildFile section */
		AC050BD5280A709200CA970A /* AppDelegate.swift in Sources */ = {isa = PBXBuildFile; fileRef = AC050BD4280A709200CA970A /* AppDelegate.swift */; };
		AC050BD7280A709200CA970A /* SceneDelegate.swift in Sources */ = {isa = PBXBuildFile; fileRef = AC050BD6280A709200CA970A /* SceneDelegate.swift */; };
		AC050BD9280A709200CA970A /* ViewController.swift in Sources */ = {isa = PBXBuildFile; fileRef = AC050BD8280A709200CA970A /* ViewController.swift */; };
		AC050BDC280A709200CA970A /* Main.storyboard in Resources */ = {isa = PBXBuildFile; fileRef = AC050BDA280A709200CA970A /* Main.storyboard */; };
		AC050BDE280A709300CA970A /* Assets.xcassets in Resources */ = {isa = PBXBuildFile; fileRef = AC050BDD280A709300CA970A /* Assets.xcassets */; };
		AC050BE1280A709300CA970A /* LaunchScreen.storyboard in Resources */ = {isa = PBXBuildFile; fileRef = AC050BDF280A709300CA970A /* LaunchScreen.storyboard */; };
		AC050BEC280A709300CA970A /* GoRacingTests.swift in Sources */ = {isa = PBXBuildFile; fileRef = AC050BEB280A709300CA970A /* GoRacingTests.swift */; };
		AC050BF6280A709300CA970A /* GoRacingUITests.swift in Sources */ = {isa = PBXBuildFile; fileRef = AC050BF5280A709300CA970A /* GoRacingUITests.swift */; };
		AC050BF8280A709300CA970A /* GoRacingUITestsLaunchTests.swift in Sources */ = {isa = PBXBuildFile; fileRef = AC050BF7280A709300CA970A /* GoRacingUITestsLaunchTests.swift */; };
/* End PBXBuildFile section */

/* Begin PBXContainerItemProxy section */
		AC050BE8280A709300CA970A /* PBXContainerItemProxy */ = {
			isa = PBXContainerItemProxy;
			containerPortal = AC050BC9280A709100CA970A /* Project object */;
			proxyType = 1;
			remoteGlobalIDString = AC050BD0280A709200CA970A;
			remoteInfo = GoRacing;
		};
		AC050BF2280A709300CA970A /* PBXContainerItemProxy */ = {
			isa = PBXContainerItemProxy;
			containerPortal = AC050BC9280A709100CA970A /* Project object */;
			proxyType = 1;
			remoteGlobalIDString = AC050BD0280A709200CA970A;
			remoteInfo = GoRacing;
		};
/* End PBXContainerItemProxy section */

/* Begin PBXFileReference section */
		AC050BD1280A709200CA970A /* GoRacing.app */ = {isa = PBXFileReference; explicitFileType = wrapper.application; includeInIndex = 0; path = GoRacing.app; sourceTree = BUILT_PRODUCTS_DIR; };
		AC050BD4280A709200CA970A /* AppDelegate.swift */ = {isa = PBXFileReference; lastKnownFileType = sourcecode.swift; path = AppDelegate.swift; sourceTree = "<group>"; };
		AC050BD6280A709200CA970A /* SceneDelegate.swift */ = {isa = PBXFileReference; lastKnownFileType = sourcecode.swift; path = SceneDelegate.swift; sourceTree = "<group>"; };
		AC050BD8280A709200CA970A /* ViewController.swift */ = {isa = PBXFileReference; lastKnownFileType = sourcecode.swift; path = ViewController.swift; sourceTree = "<group>"; };
		AC050BDB280A709200CA970A /* Base */ = {isa = PBXFileReference; lastKnownFileType = file.storyboard; name = Base; path = Base.lproj/Main.storyboard; sourceTree = "<group>"; };
		AC050BDD280A709300CA970A /* Assets.xcassets */ = {isa = PBXFileReference; lastKnownFileType = folder.assetcatalog; path = Assets.xcassets; sourceTree = "<group>"; };
		AC050BE0280A709300CA970A /* Base */ = {isa = PBXFileReference; lastKnownFileType = file.storyboard; name = Base; path = Base.lproj/LaunchScreen.storyboard; sourceTree = "<group>"; };
		AC050BE2280A709300CA970A /* Info.plist */ = {isa = PBXFileReference; lastKnownFileType = text.plist.xml; path = Info.plist; sourceTree = "<group>"; };
		AC050BE7280A709300CA970A /* GoRacingTests.xctest */ = {isa = PBXFileReference; explicitFileType = wrapper.cfbundle; includeInIndex = 0; path = GoRacingTests.xctest; sourceTree = BUILT_PRODUCTS_DIR; };
		AC050BEB280A709300CA970A /* GoRacingTests.swift */ = {isa = PBXFileReference; lastKnownFileType = sourcecode.swift; path = GoRacingTests.swift; sourceTree = "<group>"; };
		AC050BF1280A709300CA970A /* GoRacingUITests.xctest */ = {isa = PBXFileReference; explicitFileType = wrapper.cfbundle; includeInIndex = 0; path = GoRacingUITests.xctest; sourceTree = BUILT_PRODUCTS_DIR; };
		AC050BF5280A709300CA970A /* GoRacingUITests.swift */ = {isa = PBXFileReference; lastKnownFileType = sourcecode.swift; path = GoRacingUITests.swift; sourceTree = "<group>"; };
		AC050BF7280A709300CA970A /* GoRacingUITestsLaunchTests.swift */ = {isa = PBXFileReference; lastKnownFileType = sourcecode.swift; path = GoRacingUITestsLaunchTests.swift; sourceTree = "<group>"; };
/* End PBXFileReference section */

/* Begin PBXFrameworksBuildPhase section */
		AC050BCE280A709200CA970A /* Frameworks */ = {
			isa = PBXFrameworksBuildPhase;
			buildActionMask = 2147483647;
			files = (
			);
			runOnlyForDeploymentPostprocessing = 0;
		};
		AC050BE4280A709300CA970A /* Frameworks */ = {
			isa = PBXFrameworksBuildPhase;
			buildActionMask = 2147483647;
			files = (
			);
			runOnlyForDeploymentPostprocessing = 0;
		};
		AC050BEE280A709300CA970A /* Frameworks */ = {
			isa = PBXFrameworksBuildPhase;
			buildActionMask = 2147483647;
			files = (
			);
			runOnlyForDeploymentPostprocessing = 0;
		};
/* End PBXFrameworksBuildPhase section */

/* Begin PBXGroup section */
		AC050BC8280A709100CA970A = {
			isa = PBXGroup;
			children = (
				AC050BD3280A709200CA970A /* GoRacing */,
				AC050BEA280A709300CA970A /* GoRacingTests */,
				AC050BF4280A709300CA970A /* GoRacingUITests */,
				AC050BD2280A709200CA970A /* Products */,
			);
			sourceTree = "<group>";
		};
		AC050BD2280A709200CA970A /* Products */ = {
			isa = PBXGroup;
			children = (
				AC050BD1280A709200CA970A /* GoRacing.app */,
				AC050BE7280A709300CA970A /* GoRacingTests.xctest */,
				AC050BF1280A709300CA970A /* GoRacingUITests.xctest */,
			);
			name = Products;
			sourceTree = "<group>";
		};
		AC050BD3280A709200CA970A /* GoRacing */ = {
			isa = PBXGroup;
			children = (
				AC050BD4280A709200CA970A /* AppDelegate.swift */,
				AC050BD6280A709200CA970A /* SceneDelegate.swift */,
				AC050BD8280A709200CA970A /* ViewController.swift */,
				AC050BDA280A709200CA970A /* Main.storyboard */,
				AC050BDD280A709300CA970A /* Assets.xcassets */,
				AC050BDF280A709300CA970A /* LaunchScreen.storyboard */,
				AC050BE2280A709300CA970A /* Info.plist */,
			);
			path = GoRacing;
			sourceTree = "<group>";
		};
		AC050BEA280A709300CA970A /* GoRacingTests */ = {
			isa = PBXGroup;
			children = (
				AC050BEB280A709300CA970A /* GoRacingTests.swift */,
			);
			path = GoRacingTests;
			sourceTree = "<group>";
		};
		AC050BF4280A709300CA970A /* GoRacingUITests */ = {
			isa = PBXGroup;
			children = (
				AC050BF5280A709300CA970A /* GoRacingUITests.swift */,
				AC050BF7280A709300CA970A /* GoRacingUITestsLaunchTests.swift */,
			);
			path = GoRacingUITests;
			sourceTree = "<group>";
		};
/* End PBXGroup section */

/* Begin PBXNativeTarget section */
		AC050BD0280A709200CA970A /* GoRacing */ = {
			isa = PBXNativeTarget;
			buildConfigurationList = AC050BFB280A709300CA970A /* Build configuration list for PBXNativeTarget "GoRacing" */;
			buildPhases = (
				AC050BCD280A709200CA970A /* Sources */,
				AC050BCE280A709200CA970A /* Frameworks */,
				AC050BCF280A709200CA970A /* Resources */,
			);
			buildRules = (
			);
			dependencies = (
			);
			name = GoRacing;
			productName = GoRacing;
			productReference = AC050BD1280A709200CA970A /* GoRacing.app */;
			productType = "com.apple.product-type.application";
		};
		AC050BE6280A709300CA970A /* GoRacingTests */ = {
			isa = PBXNativeTarget;
			buildConfigurationList = AC050BFE280A709300CA970A /* Build configuration list for PBXNativeTarget "GoRacingTests" */;
			buildPhases = (
				AC050BE3280A709300CA970A /* Sources */,
				AC050BE4280A709300CA970A /* Frameworks */,
				AC050BE5280A709300CA970A /* Resources */,
			);
			buildRules = (
			);
			dependencies = (
				AC050BE9280A709300CA970A /* PBXTargetDependency */,
			);
			name = GoRacingTests;
			productName = GoRacingTests;
			productReference = AC050BE7280A709300CA970A /* GoRacingTests.xctest */;
			productType = "com.apple.product-type.bundle.unit-test";
		};
		AC050BF0280A709300CA970A /* GoRacingUITests */ = {
			isa = PBXNativeTarget;
			buildConfigurationList = AC050C01280A709300CA970A /* Build configuration list for PBXNativeTarget "GoRacingUITests" */;
			buildPhases = (
				AC050BED280A709300CA970A /* Sources */,
				AC050BEE280A709300CA970A /* Frameworks */,
				AC050BEF280A709300CA970A /* Resources */,
			);
			buildRules = (
			);
			dependencies = (
				AC050BF3280A709300CA970A /* PBXTargetDependency */,
			);
			name = GoRacingUITests;
			productName = GoRacingUITests;
			productReference = AC050BF1280A709300CA970A /* GoRacingUITests.xctest */;
			productType = "com.apple.product-type.bundle.ui-testing";
		};
/* End PBXNativeTarget section */

/* Begin PBXProject section */
		AC050BC9280A709100CA970A /* Project object */ = {
			isa = PBXProject;
			attributes = {
				BuildIndependentTargetsInParallel = 1;
				LastSwiftUpdateCheck = 1320;
				LastUpgradeCheck = 1320;
				TargetAttributes = {
					AC050BD0280A709200CA970A = {
						CreatedOnToolsVersion = 13.2.1;
					};
					AC050BE6280A709300CA970A = {
						CreatedOnToolsVersion = 13.2.1;
						TestTargetID = AC050BD0280A709200CA970A;
					};
					AC050BF0280A709300CA970A = {
						CreatedOnToolsVersion = 13.2.1;
						TestTargetID = AC050BD0280A709200CA970A;
					};
				};
			};
			buildConfigurationList = AC050BCC280A709100CA970A /* Build configuration list for PBXProject "GoRacing" */;
			compatibilityVersion = "Xcode 13.0";
			developmentRegion = en;
			hasScannedForEncodings = 0;
			knownRegions = (
				en,
				Base,
			);
			mainGroup = AC050BC8280A709100CA970A;
			productRefGroup = AC050BD2280A709200CA970A /* Products */;
			projectDirPath = "";
			projectRoot = "";
			targets = (
				AC050BD0280A709200CA970A /* GoRacing */,
				AC050BE6280A709300CA970A /* GoRacingTests */,
				AC050BF0280A709300CA970A /* GoRacingUITests */,
			);
		};
/* End PBXProject section */

/* Begin PBXResourcesBuildPhase section */
		AC050BCF280A709200CA970A /* Resources */ = {
			isa = PBXResourcesBuildPhase;
			buildActionMask = 2147483647;
			files = (
				AC050BE1280A709300CA970A /* LaunchScreen.storyboard in Resources */,
				AC050BDE280A709300CA970A /* Assets.xcassets in Resources */,
				AC050BDC280A709200CA970A /* Main.storyboard in Resources */,
			);
			runOnlyForDeploymentPostprocessing = 0;
		};
		AC050BE5280A709300CA970A /* Resources */ = {
			isa = PBXResourcesBuildPhase;
			buildActionMask = 2147483647;
			files = (
			);
			runOnlyForDeploymentPostprocessing = 0;
		};
		AC050BEF280A709300CA970A /* Resources */ = {
			isa = PBXResourcesBuildPhase;
			buildActionMask = 2147483647;
			files = (
			);
			runOnlyForDeploymentPostprocessing = 0;
		};
/* End PBXResourcesBuildPhase section */

/* Begin PBXSourcesBuildPhase section */
		AC050BCD280A709200CA970A /* Sources */ = {
			isa = PBXSourcesBuildPhase;
			buildActionMask = 2147483647;
			files = (
				AC050BD9280A709200CA970A /* ViewController.swift in Sources */,
				AC050BD5280A709200CA970A /* AppDelegate.swift in Sources */,
				AC050BD7280A709200CA970A /* SceneDelegate.swift in Sources */,
			);
			runOnlyForDeploymentPostprocessing = 0;
		};
		AC050BE3280A709300CA970A /* Sources */ = {
			isa = PBXSourcesBuildPhase;
			buildActionMask = 2147483647;
			files = (
				AC050BEC280A709300CA970A /* GoRacingTests.swift in Sources */,
			);
			runOnlyForDeploymentPostprocessing = 0;
		};
		AC050BED280A709300CA970A /* Sources */ = {
			isa = PBXSourcesBuildPhase;
			buildActionMask = 2147483647;
			files = (
				AC050BF8280A709300CA970A /* GoRacingUITestsLaunchTests.swift in Sources */,
				AC050BF6280A709300CA970A /* GoRacingUITests.swift in Sources */,
			);
			runOnlyForDeploymentPostprocessing = 0;
		};
/* End PBXSourcesBuildPhase section */

/* Begin PBXTargetDependency section */
		AC050BE9280A709300CA970A /* PBXTargetDependency */ = {
			isa = PBXTargetDependency;
			target = AC050BD0280A709200CA970A /* GoRacing */;
			targetProxy = AC050BE8280A709300CA970A /* PBXContainerItemProxy */;
		};
		AC050BF3280A709300CA970A /* PBXTargetDependency */ = {
			isa = PBXTargetDependency;
			target = AC050BD0280A709200CA970A /* GoRacing */;
			targetProxy = AC050BF2280A709300CA970A /* PBXContainerItemProxy */;
		};
/* End PBXTargetDependency section */

/* Begin PBXVariantGroup section */
		AC050BDA280A709200CA970A /* Main.storyboard */ = {
			isa = PBXVariantGroup;
			children = (
				AC050BDB280A709200CA970A /* Base */,
			);
			name = Main.storyboard;
			sourceTree = "<group>";
		};
		AC050BDF280A709300CA970A /* LaunchScreen.storyboard */ = {
			isa = PBXVariantGroup;
			children = (
				AC050BE0280A709300CA970A /* Base */,
			);
			name = LaunchScreen.storyboard;
			sourceTree = "<group>";
		};
/* End PBXVariantGroup section */

/* Begin XCBuildConfiguration section */
		AC050BF9280A709300CA970A /* Debug */ = {
			isa = XCBuildConfiguration;
			buildSettings = {
				ALWAYS_SEARCH_USER_PATHS = NO;
				CLANG_ANALYZER_NONNULL = YES;
				CLANG_ANALYZER_NUMBER_OBJECT_CONVERSION = YES_AGGRESSIVE;
				CLANG_CXX_LANGUAGE_STANDARD = "gnu++17";
				CLANG_CXX_LIBRARY = "libc++";
				CLANG_ENABLE_MODULES = YES;
				CLANG_ENABLE_OBJC_ARC = YES;
				CLANG_ENABLE_OBJC_WEAK = YES;
				CLANG_WARN_BLOCK_CAPTURE_AUTORELEASING = YES;
				CLANG_WARN_BOOL_CONVERSION = YES;
				CLANG_WARN_COMMA = YES;
				CLANG_WARN_CONSTANT_CONVERSION = YES;
				CLANG_WARN_DEPRECATED_OBJC_IMPLEMENTATIONS = YES;
				CLANG_WARN_DIRECT_OBJC_ISA_USAGE = YES_ERROR;
				CLANG_WARN_DOCUMENTATION_COMMENTS = YES;
				CLANG_WARN_EMPTY_BODY = YES;
				CLANG_WARN_ENUM_CONVERSION = YES;
				CLANG_WARN_INFINITE_RECURSION = YES;
				CLANG_WARN_INT_CONVERSION = YES;
				CLANG_WARN_NON_LITERAL_NULL_CONVERSION = YES;
				CLANG_WARN_OBJC_IMPLICIT_RETAIN_SELF = YES;
				CLANG_WARN_OBJC_LITERAL_CONVERSION = YES;
				CLANG_WARN_OBJC_ROOT_CLASS = YES_ERROR;
				CLANG_WARN_QUOTED_INCLUDE_IN_FRAMEWORK_HEADER = YES;
				CLANG_WARN_RANGE_LOOP_ANALYSIS = YES;
				CLANG_WARN_STRICT_PROTOTYPES = YES;
				CLANG_WARN_SUSPICIOUS_MOVE = YES;
				CLANG_WARN_UNGUARDED_AVAILABILITY = YES_AGGRESSIVE;
				CLANG_WARN_UNREACHABLE_CODE = YES;
				CLANG_WARN__DUPLICATE_METHOD_MATCH = YES;
				COPY_PHASE_STRIP = NO;
				DEBUG_INFORMATION_FORMAT = dwarf;
				ENABLE_STRICT_OBJC_MSGSEND = YES;
				ENABLE_TESTABILITY = YES;
				GCC_C_LANGUAGE_STANDARD = gnu11;
				GCC_DYNAMIC_NO_PIC = NO;
				GCC_NO_COMMON_BLOCKS = YES;
				GCC_OPTIMIZATION_LEVEL = 0;
				GCC_PREPROCESSOR_DEFINITIONS = (
					"DEBUG=1",
					"$(inherited)",
				);
				GCC_WARN_64_TO_32_BIT_CONVERSION = YES;
				GCC_WARN_ABOUT_RETURN_TYPE = YES_ERROR;
				GCC_WARN_UNDECLARED_SELECTOR = YES;
				GCC_WARN_UNINITIALIZED_AUTOS = YES_AGGRESSIVE;
				GCC_WARN_UNUSED_FUNCTION = YES;
				GCC_WARN_UNUSED_VARIABLE = YES;
				IPHONEOS_DEPLOYMENT_TARGET = 15.2;
				MTL_ENABLE_DEBUG_INFO = INCLUDE_SOURCE;
				MTL_FAST_MATH = YES;
				ONLY_ACTIVE_ARCH = YES;
				SDKROOT = iphoneos;
				SWIFT_ACTIVE_COMPILATION_CONDITIONS = DEBUG;
				SWIFT_OPTIMIZATION_LEVEL = "-Onone";
			};
			name = Debug;
		};
		AC050BFA280A709300CA970A /* Release */ = {
			isa = XCBuildConfiguration;
			buildSettings = {
				ALWAYS_SEARCH_USER_PATHS = NO;
				CLANG_ANALYZER_NONNULL = YES;
				CLANG_ANALYZER_NUMBER_OBJECT_CONVERSION = YES_AGGRESSIVE;
				CLANG_CXX_LANGUAGE_STANDARD = "gnu++17";
				CLANG_CXX_LIBRARY = "libc++";
				CLANG_ENABLE_MODULES = YES;
				CLANG_ENABLE_OBJC_ARC = YES;
				CLANG_ENABLE_OBJC_WEAK = YES;
				CLANG_WARN_BLOCK_CAPTURE_AUTORELEASING = YES;
				CLANG_WARN_BOOL_CONVERSION = YES;
				CLANG_WARN_COMMA = YES;
				CLANG_WARN_CONSTANT_CONVERSION = YES;
				CLANG_WARN_DEPRECATED_OBJC_IMPLEMENTATIONS = YES;
				CLANG_WARN_DIRECT_OBJC_ISA_USAGE = YES_ERROR;
				CLANG_WARN_DOCUMENTATION_COMMENTS = YES;
				CLANG_WARN_EMPTY_BODY = YES;
				CLANG_WARN_ENUM_CONVERSION = YES;
				CLANG_WARN_INFINITE_RECURSION = YES;
				CLANG_WARN_INT_CONVERSION = YES;
				CLANG_WARN_NON_LITERAL_NULL_CONVERSION = YES;
				CLANG_WARN_OBJC_IMPLICIT_RETAIN_SELF = YES;
				CLANG_WARN_OBJC_LITERAL_CONVERSION = YES;
				CLANG_WARN_OBJC_ROOT_CLASS = YES_ERROR;
				CLANG_WARN_QUOTED_INCLUDE_IN_FRAMEWORK_HEADER = YES;
				CLANG_WARN_RANGE_LOOP_ANALYSIS = YES;
				CLANG_WARN_STRICT_PROTOTYPES = YES;
				CLANG_WARN_SUSPICIOUS_MOVE = YES;
				CLANG_WARN_UNGUARDED_AVAILABILITY = YES_AGGRESSIVE;
				CLANG_WARN_UNREACHABLE_CODE = YES;
				CLANG_WARN__DUPLICATE_METHOD_MATCH = YES;
				COPY_PHASE_STRIP = NO;
				DEBUG_INFORMATION_FORMAT = "dwarf-with-dsym";
				ENABLE_NS_ASSERTIONS = NO;
				ENABLE_STRICT_OBJC_MSGSEND = YES;
				GCC_C_LANGUAGE_STANDARD = gnu11;
				GCC_NO_COMMON_BLOCKS = YES;
				GCC_WARN_64_TO_32_BIT_CONVERSION = YES;
				GCC_WARN_ABOUT_RETURN_TYPE = YES_ERROR;
				GCC_WARN_UNDECLARED_SELECTOR = YES;
				GCC_WARN_UNINITIALIZED_AUTOS = YES_AGGRESSIVE;
				GCC_WARN_UNUSED_FUNCTION = YES;
				GCC_WARN_UNUSED_VARIABLE = YES;
				IPHONEOS_DEPLOYMENT_TARGET = 15.2;
				MTL_ENABLE_DEBUG_INFO = NO;
				MTL_FAST_MATH = YES;
				SDKROOT = iphoneos;
				SWIFT_COMPILATION_MODE = wholemodule;
				SWIFT_OPTIMIZATION_LEVEL = "-O";
				VALIDATE_PRODUCT = YES;
			};
			name = Release;
		};
		AC050BFC280A709300CA970A /* Debug */ = {
			isa = XCBuildConfiguration;
			buildSettings = {
				ASSETCATALOG_COMPILER_APPICON_NAME = AppIcon;
				ASSETCATALOG_COMPILER_GLOBAL_ACCENT_COLOR_NAME = AccentColor;
				CODE_SIGN_STYLE = Automatic;
				CURRENT_PROJECT_VERSION = 1;
				GENERATE_INFOPLIST_FILE = YES;
				INFOPLIST_FILE = GoRacing/Info.plist;
				INFOPLIST_KEY_UIApplicationSupportsIndirectInputEvents = YES;
				INFOPLIST_KEY_UILaunchStoryboardName = LaunchScreen;
				INFOPLIST_KEY_UIMainStoryboardFile = Main;
				INFOPLIST_KEY_UISupportedInterfaceOrientations_iPad = "UIInterfaceOrientationPortrait UIInterfaceOrientationPortraitUpsideDown UIInterfaceOrientationLandscapeLeft UIInterfaceOrientationLandscapeRight";
				INFOPLIST_KEY_UISupportedInterfaceOrientations_iPhone = "UIInterfaceOrientationPortrait UIInterfaceOrientationLandscapeLeft UIInterfaceOrientationLandscapeRight";
				LD_RUNPATH_SEARCH_PATHS = (
					"$(inherited)",
					"@executable_path/Frameworks",
				);
				MARKETING_VERSION = 1.0;
				PRODUCT_BUNDLE_IDENTIFIER = "-23123.GoRacing";
				PRODUCT_NAME = "$(TARGET_NAME)";
				SWIFT_EMIT_LOC_STRINGS = YES;
				SWIFT_VERSION = 5.0;
				TARGETED_DEVICE_FAMILY = "1,2";
			};
			name = Debug;
		};
		AC050BFD280A709300CA970A /* Release */ = {
			isa = XCBuildConfiguration;
			buildSettings = {
				ASSETCATALOG_COMPILER_APPICON_NAME = AppIcon;
				ASSETCATALOG_COMPILER_GLOBAL_ACCENT_COLOR_NAME = AccentColor;
				CODE_SIGN_STYLE = Automatic;
				CURRENT_PROJECT_VERSION = 1;
				GENERATE_INFOPLIST_FILE = YES;
				INFOPLIST_FILE = GoRacing/Info.plist;
				INFOPLIST_KEY_UIApplicationSupportsIndirectInputEvents = YES;
				INFOPLIST_KEY_UILaunchStoryboardName = LaunchScreen;
				INFOPLIST_KEY_UIMainStoryboardFile = Main;
				INFOPLIST_KEY_UISupportedInterfaceOrientations_iPad = "UIInterfaceOrientationPortrait UIInterfaceOrientationPortraitUpsideDown UIInterfaceOrientationLandscapeLeft UIInterfaceOrientationLandscapeRight";
				INFOPLIST_KEY_UISupportedInterfaceOrientations_iPhone = "UIInterfaceOrientationPortrait UIInterfaceOrientationLandscapeLeft UIInterfaceOrientationLandscapeRight";
				LD_RUNPATH_SEARCH_PATHS = (
					"$(inherited)",
					"@executable_path/Frameworks",
				);
				MARKETING_VERSION = 1.0;
				PRODUCT_BUNDLE_IDENTIFIER = "-23123.GoRacing";
				PRODUCT_NAME = "$(TARGET_NAME)";
				SWIFT_EMIT_LOC_STRINGS = YES;
				SWIFT_VERSION = 5.0;
				TARGETED_DEVICE_FAMILY = "1,2";
			};
			name = Release;
		};
		AC050BFF280A709300CA970A /* Debug */ = {
			isa = XCBuildConfiguration;
			buildSettings = {
				ALWAYS_EMBED_SWIFT_STANDARD_LIBRARIES = YES;
				BUNDLE_LOADER = "$(TEST_HOST)";
				CODE_SIGN_STYLE = Automatic;
				CURRENT_PROJECT_VERSION = 1;
				GENERATE_INFOPLIST_FILE = YES;
				IPHONEOS_DEPLOYMENT_TARGET = 15.2;
				MARKETING_VERSION = 1.0;
				PRODUCT_BUNDLE_IDENTIFIER = "-23123.GoRacingTests";
				PRODUCT_NAME = "$(TARGET_NAME)";
				SWIFT_EMIT_LOC_STRINGS = NO;
				SWIFT_VERSION = 5.0;
				TARGETED_DEVICE_FAMILY = "1,2";
				TEST_HOST = "$(BUILT_PRODUCTS_DIR)/GoRacing.app/GoRacing";
			};
			name = Debug;
		};
		AC050C00280A709300CA970A /* Release */ = {
			isa = XCBuildConfiguration;
			buildSettings = {
				ALWAYS_EMBED_SWIFT_STANDARD_LIBRARIES = YES;
				BUNDLE_LOADER = "$(TEST_HOST)";
				CODE_SIGN_STYLE = Automatic;
				CURRENT_PROJECT_VERSION = 1;
				GENERATE_INFOPLIST_FILE = YES;
				IPHONEOS_DEPLOYMENT_TARGET = 15.2;
				MARKETING_VERSION = 1.0;
				PRODUCT_BUNDLE_IDENTIFIER = "-23123.GoRacingTests";
				PRODUCT_NAME = "$(TARGET_NAME)";
				SWIFT_EMIT_LOC_STRINGS = NO;
				SWIFT_VERSION = 5.0;
				TARGETED_DEVICE_FAMILY = "1,2";
				TEST_HOST = "$(BUILT_PRODUCTS_DIR)/GoRacing.app/GoRacing";
			};
			name = Release;
		};
		AC050C02280A709300CA970A /* Debug */ = {
			isa = XCBuildConfiguration;
			buildSettings = {
				ALWAYS_EMBED_SWIFT_STANDARD_LIBRARIES = YES;
				CODE_SIGN_STYLE = Automatic;
				CURRENT_PROJECT_VERSION = 1;
				GENERATE_INFOPLIST_FILE = YES;
				MARKETING_VERSION = 1.0;
				PRODUCT_BUNDLE_IDENTIFIER = "-23123.GoRacingUITests";
				PRODUCT_NAME = "$(TARGET_NAME)";
				SWIFT_EMIT_LOC_STRINGS = NO;
				SWIFT_VERSION = 5.0;
				TARGETED_DEVICE_FAMILY = "1,2";
				TEST_TARGET_NAME = GoRacing;
			};
			name = Debug;
		};
		AC050C03280A709300CA970A /* Release */ = {
			isa = XCBuildConfiguration;
			buildSettings = {
				ALWAYS_EMBED_SWIFT_STANDARD_LIBRARIES = YES;
				CODE_SIGN_STYLE = Automatic;
				CURRENT_PROJECT_VERSION = 1;
				GENERATE_INFOPLIST_FILE = YES;
				MARKETING_VERSION = 1.0;
				PRODUCT_BUNDLE_IDENTIFIER = "-23123.GoRacingUITests";
				PRODUCT_NAME = "$(TARGET_NAME)";
				SWIFT_EMIT_LOC_STRINGS = NO;
				SWIFT_VERSION = 5.0;
				TARGETED_DEVICE_FAMILY = "1,2";
				TEST_TARGET_NAME = GoRacing;
			};
			name = Release;
		};
/* End XCBuildConfiguration section */

/* Begin XCConfigurationList section */
		AC050BCC280A709100CA970A /* Build configuration list for PBXProject "GoRacing" */ = {
			isa = XCConfigurationList;
			buildConfigurations = (
				AC050BF9280A709300CA970A /* Debug */,
				AC050BFA280A709300CA970A /* Release */,
			);
			defaultConfigurationIsVisible = 0;
			defaultConfigurationName = Release;
		};
		AC050BFB280A709300CA970A /* Build configuration list for PBXNativeTarget "GoRacing" */ = {
			isa = XCConfigurationList;
			buildConfigurations = (
				AC050BFC280A709300CA970A /* Debug */,
				AC050BFD280A709300CA970A /* Release */,
			);
			defaultConfigurationIsVisible = 0;
			defaultConfigurationName = Release;
		};
		AC050BFE280A709300CA970A /* Build configuration list for PBXNativeTarget "GoRacingTests" */ = {
			isa = XCConfigurationList;
			buildConfigurations = (
				AC050BFF280A709300CA970A /* Debug */,
				AC050C00280A709300CA970A /* Release */,
			);
			defaultConfigurationIsVisible = 0;
			defaultConfigurationName = Release;
		};
		AC050C01280A709300CA970A /* Build configuration list for PBXNativeTarget "GoRacingUITests" */ = {
			isa = XCConfigurationList;
			buildConfigurations = (
				AC050C02280A709300CA970A /* Debug */,
				AC050C03280A709300CA970A /* Release */,
			);
			defaultConfigurationIsVisible = 0;
			defaultConfigurationName = Release;
		};
/* End XCConfigurationList section */
	};
	rootObject = AC050BC9280A709100CA970A /* Project object */;
}
